{
  "requires": true,
  "lockfileVersion": 1,
  "dependencies": {
    "@types/firefox-webext-browser": {
      "version": "65.0.2",
      "resolved": "https://registry.npmjs.org/@types/firefox-webext-browser/-/firefox-webext-browser-65.0.2.tgz",
      "integrity": "sha512-pP8dInqFHvhI6X8UCWb12RHuHTukADWSF+INWt7VFkfYaFdy3ZJXAxujbFb063mh70O/F7R8rC14a7Giw8xo7Q=="
    }
  }
}
